// !$*UTF8*$!
{
	archiveVersion = 1;
	classes = {
	};
	objectVersion = 56;
	objects = {

/* Begin PBXBuildFile section */
		56C0C9502972FAE000293E08 /* tryApp.swift in Sources */ = {isa = PBXBuildFile; fileRef = 56C0C94F2972FAE000293E08 /* tryApp.swift */; };
		56C0C9522972FAE000293E08 /* ContentView.swift in Sources */ = {isa = PBXBuildFile; fileRef = 56C0C9512972FAE000293E08 /* ContentView.swift */; };
		56C0C9542972FAE200293E08 /* Assets.xcassets in Resources */ = {isa = PBXBuildFile; fileRef = 56C0C9532972FAE200293E08 /* Assets.xcassets */; };
		56C0C9572972FAE200293E08 /* Preview Assets.xcassets in Resources */ = {isa = PBXBuildFile; fileRef = 56C0C9562972FAE200293E08 /* Preview Assets.xcassets */; };
		56C0C9612972FAE200293E08 /* tryTests.swift in Sources */ = {isa = PBXBuildFile; fileRef = 56C0C9602972FAE200293E08 /* tryTests.swift */; };
		56C0C96B2972FAE200293E08 /* tryUITests.swift in Sources */ = {isa = PBXBuildFile; fileRef = 56C0C96A2972FAE200293E08 /* tryUITests.swift */; };
		56C0C96D2972FAE200293E08 /* tryUITestsLaunchTests.swift in Sources */ = {isa = PBXBuildFile; fileRef = 56C0C96C2972FAE200293E08 /* tryUITestsLaunchTests.swift */; };
/* End PBXBuildFile section */

/* Begin PBXContainerItemProxy section */
		56C0C95D2972FAE200293E08 /* PBXContainerItemProxy */ = {
			isa = PBXContainerItemProxy;
			containerPortal = 56C0C9442972FAE000293E08 /* Project object */;
			proxyType = 1;
			remoteGlobalIDString = 56C0C94B2972FAE000293E08;
			remoteInfo = try;
		};
		56C0C9672972FAE200293E08 /* PBXContainerItemProxy */ = {
			isa = PBXContainerItemProxy;
			containerPortal = 56C0C9442972FAE000293E08 /* Project object */;
			proxyType = 1;
			remoteGlobalIDString = 56C0C94B2972FAE000293E08;
			remoteInfo = try;
		};
/* End PBXContainerItemProxy section */

/* Begin PBXFileReference section */
		56C0C94C2972FAE000293E08 /* try.app */ = {isa = PBXFileReference; explicitFileType = wrapper.application; includeInIndex = 0; path = try.app; sourceTree = BUILT_PRODUCTS_DIR; };
		56C0C94F2972FAE000293E08 /* tryApp.swift */ = {isa = PBXFileReference; lastKnownFileType = sourcecode.swift; path = tryApp.swift; sourceTree = "<group>"; };
		56C0C9512972FAE000293E08 /* ContentView.swift */ = {isa = PBXFileReference; lastKnownFileType = sourcecode.swift; path = ContentView.swift; sourceTree = "<group>"; };
		56C0C9532972FAE200293E08 /* Assets.xcassets */ = {isa = PBXFileReference; lastKnownFileType = folder.assetcatalog; path = Assets.xcassets; sourceTree = "<group>"; };
		56C0C9562972FAE200293E08 /* Preview Assets.xcassets */ = {isa = PBXFileReference; lastKnownFileType = folder.assetcatalog; path = "Preview Assets.xcassets"; sourceTree = "<group>"; };
		56C0C95C2972FAE200293E08 /* tryTests.xctest */ = {isa = PBXFileReference; explicitFileType = wrapper.cfbundle; includeInIndex = 0; path = tryTests.xctest; sourceTree = BUILT_PRODUCTS_DIR; };
		56C0C9602972FAE200293E08 /* tryTests.swift */ = {isa = PBXFileReference; lastKnownFileType = sourcecode.swift; path = tryTests.swift; sourceTree = "<group>"; };
		56C0C9662972FAE200293E08 /* tryUITests.xctest */ = {isa = PBXFileReference; explicitFileType = wrapper.cfbundle; includeInIndex = 0; path = tryUITests.xctest; sourceTree = BUILT_PRODUCTS_DIR; };
		56C0C96A2972FAE200293E08 /* tryUITests.swift */ = {isa = PBXFileReference; lastKnownFileType = sourcecode.swift; path = tryUITests.swift; sourceTree = "<group>"; };
		56C0C96C2972FAE200293E08 /* tryUITestsLaunchTests.swift */ = {isa = PBXFileReference; lastKnownFileType = sourcecode.swift; path = tryUITestsLaunchTests.swift; sourceTree = "<group>"; };
/* End PBXFileReference section */

/* Begin PBXFrameworksBuildPhase section */
		56C0C9492972FAE000293E08 /* Frameworks */ = {
			isa = PBXFrameworksBuildPhase;
			buildActionMask = 2147483647;
			files = (
			);
			runOnlyForDeploymentPostprocessing = 0;
		};
		56C0C9592972FAE200293E08 /* Frameworks */ = {
			isa = PBXFrameworksBuildPhase;
			buildActionMask = 2147483647;
			files = (
			);
			runOnlyForDeploymentPostprocessing = 0;
		};
		56C0C9632972FAE200293E08 /* Frameworks */ = {
			isa = PBXFrameworksBuildPhase;
			buildActionMask = 2147483647;
			files = (
			);
			runOnlyForDeploymentPostprocessing = 0;
		};
/* End PBXFrameworksBuildPhase section */

/* Begin PBXGroup section */
		56C0C9432972FAE000293E08 = {
			isa = PBXGroup;
			children = (
				56C0C94E2972FAE000293E08 /* try */,
				56C0C95F2972FAE200293E08 /* tryTests */,
				56C0C9692972FAE200293E08 /* tryUITests */,
				56C0C94D2972FAE000293E08 /* Products */,
			);
			sourceTree = "<group>";
		};
		56C0C94D2972FAE000293E08 /* Products */ = {
			isa = PBXGroup;
			children = (
				56C0C94C2972FAE000293E08 /* try.app */,
				56C0C95C2972FAE200293E08 /* tryTests.xctest */,
				56C0C9662972FAE200293E08 /* tryUITests.xctest */,
			);
			name = Products;
			sourceTree = "<group>";
		};
		56C0C94E2972FAE000293E08 /* try */ = {
			isa = PBXGroup;
			children = (
				56C0C94F2972FAE000293E08 /* tryApp.swift */,
				56C0C9512972FAE000293E08 /* ContentView.swift */,
				56C0C9532972FAE200293E08 /* Assets.xcassets */,
				56C0C9552972FAE200293E08 /* Preview Content */,
			);
			path = try;
			sourceTree = "<group>";
		};
		56C0C9552972FAE200293E08 /* Preview Content */ = {
			isa = PBXGroup;
			children = (
				56C0C9562972FAE200293E08 /* Preview Assets.xcassets */,
			);
			path = "Preview Content";
			sourceTree = "<group>";
		};
		56C0C95F2972FAE200293E08 /* tryTests */ = {
			isa = PBXGroup;
			children = (
				56C0C9602972FAE200293E08 /* tryTests.swift */,
			);
			path = tryTests;
			sourceTree = "<group>";
		};
		56C0C9692972FAE200293E08 /* tryUITests */ = {
			isa = PBXGroup;
			children = (
				56C0C96A2972FAE200293E08 /* tryUITests.swift */,
				56C0C96C2972FAE200293E08 /* tryUITestsLaunchTests.swift */,
			);
			path = tryUITests;
			sourceTree = "<group>";
		};
/* End PBXGroup section */

/* Begin PBXNativeTarget section */
		56C0C94B2972FAE000293E08 /* try */ = {
			isa = PBXNativeTarget;
			buildConfigurationList = 56C0C9702972FAE200293E08 /* Build configuration list for PBXNativeTarget "try" */;
			buildPhases = (
				56C0C9482972FAE000293E08 /* Sources */,
				56C0C9492972FAE000293E08 /* Frameworks */,
				56C0C94A2972FAE000293E08 /* Resources */,
			);
			buildRules = (
			);
			dependencies = (
			);
			name = try;
			productName = try;
			productReference = 56C0C94C2972FAE000293E08 /* try.app */;
			productType = "com.apple.product-type.application";
		};
		56C0C95B2972FAE200293E08 /* tryTests */ = {
			isa = PBXNativeTarget;
			buildConfigurationList = 56C0C9732972FAE200293E08 /* Build configuration list for PBXNativeTarget "tryTests" */;
			buildPhases = (
				56C0C9582972FAE200293E08 /* Sources */,
				56C0C9592972FAE200293E08 /* Frameworks */,
				56C0C95A2972FAE200293E08 /* Resources */,
			);
			buildRules = (
			);
			dependencies = (
				56C0C95E2972FAE200293E08 /* PBXTargetDependency */,
			);
			name = tryTests;
			productName = tryTests;
			productReference = 56C0C95C2972FAE200293E08 /* tryTests.xctest */;
			productType = "com.apple.product-type.bundle.unit-test";
		};
		56C0C9652972FAE200293E08 /* tryUITests */ = {
			isa = PBXNativeTarget;
			buildConfigurationList = 56C0C9762972FAE200293E08 /* Build configuration list for PBXNativeTarget "tryUITests" */;
			buildPhases = (
				56C0C9622972FAE200293E08 /* Sources */,
				56C0C9632972FAE200293E08 /* Frameworks */,
				56C0C9642972FAE200293E08 /* Resources */,
			);
			buildRules = (
			);
			dependencies = (
				56C0C9682972FAE200293E08 /* PBXTargetDependency */,
			);
			name = tryUITests;
			productName = tryUITests;
			productReference = 56C0C9662972FAE200293E08 /* tryUITests.xctest */;
			productType = "com.apple.product-type.bundle.ui-testing";
		};
/* End PBXNativeTarget section */

/* Begin PBXProject section */
		56C0C9442972FAE000293E08 /* Project object */ = {
			isa = PBXProject;
			attributes = {
				BuildIndependentTargetsInParallel = 1;
				LastSwiftUpdateCheck = 1420;
				LastUpgradeCheck = 1420;
				TargetAttributes = {
					56C0C94B2972FAE000293E08 = {
						CreatedOnToolsVersion = 14.2;
					};
					56C0C95B2972FAE200293E08 = {
						CreatedOnToolsVersion = 14.2;
						TestTargetID = 56C0C94B2972FAE000293E08;
					};
					56C0C9652972FAE200293E08 = {
						CreatedOnToolsVersion = 14.2;
						TestTargetID = 56C0C94B2972FAE000293E08;
					};
				};
			};
			buildConfigurationList = 56C0C9472972FAE000293E08 /* Build configuration list for PBXProject "try" */;
			compatibilityVersion = "Xcode 14.0";
			developmentRegion = en;
			hasScannedForEncodings = 0;
			knownRegions = (
				en,
				Base,
			);
			mainGroup = 56C0C9432972FAE000293E08;
			productRefGroup = 56C0C94D2972FAE000293E08 /* Products */;
			projectDirPath = "";
			projectRoot = "";
			targets = (
				56C0C94B2972FAE000293E08 /* try */,
				56C0C95B2972FAE200293E08 /* tryTests */,
				56C0C9652972FAE200293E08 /* tryUITests */,
			);
		};
/* End PBXProject section */

/* Begin PBXResourcesBuildPhase section */
		56C0C94A2972FAE000293E08 /* Resources */ = {
			isa = PBXResourcesBuildPhase;
			buildActionMask = 2147483647;
			files = (
				56C0C9572972FAE200293E08 /* Preview Assets.xcassets in Resources */,
				56C0C9542972FAE200293E08 /* Assets.xcassets in Resources */,
			);
			runOnlyForDeploymentPostprocessing = 0;
		};
		56C0C95A2972FAE200293E08 /* Resources */ = {
			isa = PBXResourcesBuildPhase;
			buildActionMask = 2147483647;
			files = (
			);
			runOnlyForDeploymentPostprocessing = 0;
		};
		56C0C9642972FAE200293E08 /* Resources */ = {
			isa = PBXResourcesBuildPhase;
			buildActionMask = 2147483647;
			files = (
			);
			runOnlyForDeploymentPostprocessing = 0;
		};
/* End PBXResourcesBuildPhase section */

/* Begin PBXSourcesBuildPhase section */
		56C0C9482972FAE000293E08 /* Sources */ = {
			isa = PBXSourcesBuildPhase;
			buildActionMask = 2147483647;
			files = (
				56C0C9522972FAE000293E08 /* ContentView.swift in Sources */,
				56C0C9502972FAE000293E08 /* tryApp.swift in Sources */,
			);
			runOnlyForDeploymentPostprocessing = 0;
		};
		56C0C9582972FAE200293E08 /* Sources */ = {
			isa = PBXSourcesBuildPhase;
			buildActionMask = 2147483647;
			files = (
				56C0C9612972FAE200293E08 /* tryTests.swift in Sources */,
			);
			runOnlyForDeploymentPostprocessing = 0;
		};
		56C0C9622972FAE200293E08 /* Sources */ = {
			isa = PBXSourcesBuildPhase;
			buildActionMask = 2147483647;
			files = (
				56C0C96D2972FAE200293E08 /* tryUITestsLaunchTests.swift in Sources */,
				56C0C96B2972FAE200293E08 /* tryUITests.swift in Sources */,
			);
			runOnlyForDeploymentPostprocessing = 0;
		};
/* End PBXSourcesBuildPhase section */

/* Begin PBXTargetDependency section */
		56C0C95E2972FAE200293E08 /* PBXTargetDependency */ = {
			isa = PBXTargetDependency;
			target = 56C0C94B2972FAE000293E08 /* try */;
			targetProxy = 56C0C95D2972FAE200293E08 /* PBXContainerItemProxy */;
		};
		56C0C9682972FAE200293E08 /* PBXTargetDependency */ = {
			isa = PBXTargetDependency;
			target = 56C0C94B2972FAE000293E08 /* try */;
			targetProxy = 56C0C9672972FAE200293E08 /* PBXContainerItemProxy */;
		};
/* End PBXTargetDependency section */

/* Begin XCBuildConfiguration section */
		56C0C96E2972FAE200293E08 /* Debug */ = {
			isa = XCBuildConfiguration;
			buildSettings = {
				ALWAYS_SEARCH_USER_PATHS = NO;
				CLANG_ANALYZER_NONNULL = YES;
				CLANG_ANALYZER_NUMBER_OBJECT_CONVERSION = YES_AGGRESSIVE;
				CLANG_CXX_LANGUAGE_STANDARD = "gnu++20";
				CLANG_ENABLE_MODULES = YES;
				CLANG_ENABLE_OBJC_ARC = YES;
				CLANG_ENABLE_OBJC_WEAK = YES;
				CLANG_WARN_BLOCK_CAPTURE_AUTORELEASING = YES;
				CLANG_WARN_BOOL_CONVERSION = YES;
				CLANG_WARN_COMMA = YES;
				CLANG_WARN_CONSTANT_CONVERSION = YES;
				CLANG_WARN_DEPRECATED_OBJC_IMPLEMENTATIONS = YES;
				CLANG_WARN_DIRECT_OBJC_ISA_USAGE = YES_ERROR;
				CLANG_WARN_DOCUMENTATION_COMMENTS = YES;
				CLANG_WARN_EMPTY_BODY = YES;
				CLANG_WARN_ENUM_CONVERSION = YES;
				CLANG_WARN_INFINITE_RECURSION = YES;
				CLANG_WARN_INT_CONVERSION = YES;
				CLANG_WARN_NON_LITERAL_NULL_CONVERSION = YES;
				CLANG_WARN_OBJC_IMPLICIT_RETAIN_SELF = YES;
				CLANG_WARN_OBJC_LITERAL_CONVERSION = YES;
				CLANG_WARN_OBJC_ROOT_CLASS = YES_ERROR;
				CLANG_WARN_QUOTED_INCLUDE_IN_FRAMEWORK_HEADER = YES;
				CLANG_WARN_RANGE_LOOP_ANALYSIS = YES;
				CLANG_WARN_STRICT_PROTOTYPES = YES;
				CLANG_WARN_SUSPICIOUS_MOVE = YES;
				CLANG_WARN_UNGUARDED_AVAILABILITY = YES_AGGRESSIVE;
				CLANG_WARN_UNREACHABLE_CODE = YES;
				CLANG_WARN__DUPLICATE_METHOD_MATCH = YES;
				COPY_PHASE_STRIP = NO;
				DEBUG_INFORMATION_FORMAT = dwarf;
				ENABLE_STRICT_OBJC_MSGSEND = YES;
				ENABLE_TESTABILITY = YES;
				GCC_C_LANGUAGE_STANDARD = gnu11;
				GCC_DYNAMIC_NO_PIC = NO;
				GCC_NO_COMMON_BLOCKS = YES;
				GCC_OPTIMIZATION_LEVEL = 0;
				GCC_PREPROCESSOR_DEFINITIONS = (
					"DEBUG=1",
					"$(inherited)",
				);
				GCC_WARN_64_TO_32_BIT_CONVERSION = YES;
				GCC_WARN_ABOUT_RETURN_TYPE = YES_ERROR;
				GCC_WARN_UNDECLARED_SELECTOR = YES;
				GCC_WARN_UNINITIALIZED_AUTOS = YES_AGGRESSIVE;
				GCC_WARN_UNUSED_FUNCTION = YES;
				GCC_WARN_UNUSED_VARIABLE = YES;
				IPHONEOS_DEPLOYMENT_TARGET = 16.2;
				MTL_ENABLE_DEBUG_INFO = INCLUDE_SOURCE;
				MTL_FAST_MATH = YES;
				ONLY_ACTIVE_ARCH = YES;
				SDKROOT = iphoneos;
				SWIFT_ACTIVE_COMPILATION_CONDITIONS = DEBUG;
				SWIFT_OPTIMIZATION_LEVEL = "-Onone";
			};
			name = Debug;
		};
		56C0C96F2972FAE200293E08 /* Release */ = {
			isa = XCBuildConfiguration;
			buildSettings = {
				ALWAYS_SEARCH_USER_PATHS = NO;
				CLANG_ANALYZER_NONNULL = YES;
				CLANG_ANALYZER_NUMBER_OBJECT_CONVERSION = YES_AGGRESSIVE;
				CLANG_CXX_LANGUAGE_STANDARD = "gnu++20";
				CLANG_ENABLE_MODULES = YES;
				CLANG_ENABLE_OBJC_ARC = YES;
				CLANG_ENABLE_OBJC_WEAK = YES;
				CLANG_WARN_BLOCK_CAPTURE_AUTORELEASING = YES;
				CLANG_WARN_BOOL_CONVERSION = YES;
				CLANG_WARN_COMMA = YES;
				CLANG_WARN_CONSTANT_CONVERSION = YES;
				CLANG_WARN_DEPRECATED_OBJC_IMPLEMENTATIONS = YES;
				CLANG_WARN_DIRECT_OBJC_ISA_USAGE = YES_ERROR;
				CLANG_WARN_DOCUMENTATION_COMMENTS = YES;
				CLANG_WARN_EMPTY_BODY = YES;
				CLANG_WARN_ENUM_CONVERSION = YES;
				CLANG_WARN_INFINITE_RECURSION = YES;
				CLANG_WARN_INT_CONVERSION = YES;
				CLANG_WARN_NON_LITERAL_NULL_CONVERSION = YES;
				CLANG_WARN_OBJC_IMPLICIT_RETAIN_SELF = YES;
				CLANG_WARN_OBJC_LITERAL_CONVERSION = YES;
				CLANG_WARN_OBJC_ROOT_CLASS = YES_ERROR;
				CLANG_WARN_QUOTED_INCLUDE_IN_FRAMEWORK_HEADER = YES;
				CLANG_WARN_RANGE_LOOP_ANALYSIS = YES;
				CLANG_WARN_STRICT_PROTOTYPES = YES;
				CLANG_WARN_SUSPICIOUS_MOVE = YES;
				CLANG_WARN_UNGUARDED_AVAILABILITY = YES_AGGRESSIVE;
				CLANG_WARN_UNREACHABLE_CODE = YES;
				CLANG_WARN__DUPLICATE_METHOD_MATCH = YES;
				COPY_PHASE_STRIP = NO;
				DEBUG_INFORMATION_FORMAT = "dwarf-with-dsym";
				ENABLE_NS_ASSERTIONS = NO;
				ENABLE_STRICT_OBJC_MSGSEND = YES;
				GCC_C_LANGUAGE_STANDARD = gnu11;
				GCC_NO_COMMON_BLOCKS = YES;
				GCC_WARN_64_TO_32_BIT_CONVERSION = YES;
				GCC_WARN_ABOUT_RETURN_TYPE = YES_ERROR;
				GCC_WARN_UNDECLARED_SELECTOR = YES;
				GCC_WARN_UNINITIALIZED_AUTOS = YES_AGGRESSIVE;
				GCC_WARN_UNUSED_FUNCTION = YES;
				GCC_WARN_UNUSED_VARIABLE = YES;
				IPHONEOS_DEPLOYMENT_TARGET = 16.2;
				MTL_ENABLE_DEBUG_INFO = NO;
				MTL_FAST_MATH = YES;
				SDKROOT = iphoneos;
				SWIFT_COMPILATION_MODE = wholemodule;
				SWIFT_OPTIMIZATION_LEVEL = "-O";
				VALIDATE_PRODUCT = YES;
			};
			name = Release;
		};
		56C0C9712972FAE200293E08 /* Debug */ = {
			isa = XCBuildConfiguration;
			buildSettings = {
				ASSETCATALOG_COMPILER_APPICON_NAME = AppIcon;
				ASSETCATALOG_COMPILER_GLOBAL_ACCENT_COLOR_NAME = AccentColor;
				CODE_SIGN_STYLE = Automatic;
				CURRENT_PROJECT_VERSION = 1;
				DEVELOPMENT_ASSET_PATHS = "\"try/Preview Content\"";
				ENABLE_PREVIEWS = YES;
				GENERATE_INFOPLIST_FILE = YES;
				INFOPLIST_KEY_UIApplicationSceneManifest_Generation = YES;
				INFOPLIST_KEY_UIApplicationSupportsIndirectInputEvents = YES;
				INFOPLIST_KEY_UILaunchScreen_Generation = YES;
				INFOPLIST_KEY_UISupportedInterfaceOrientations_iPad = "UIInterfaceOrientationPortrait UIInterfaceOrientationPortraitUpsideDown UIInterfaceOrientationLandscapeLeft UIInterfaceOrientationLandscapeRight";
				INFOPLIST_KEY_UISupportedInterfaceOrientations_iPhone = "UIInterfaceOrientationPortrait UIInterfaceOrientationLandscapeLeft UIInterfaceOrientationLandscapeRight";
				LD_RUNPATH_SEARCH_PATHS = (
					"$(inherited)",
					"@executable_path/Frameworks",
				);
				MARKETING_VERSION = 1.0;
				PRODUCT_BUNDLE_IDENTIFIER = appleaca.try;
				PRODUCT_NAME = "$(TARGET_NAME)";
				SWIFT_EMIT_LOC_STRINGS = YES;
				SWIFT_VERSION = 5.0;
				TARGETED_DEVICE_FAMILY = "1,2";
			};
			name = Debug;
		};
		56C0C9722972FAE200293E08 /* Release */ = {
			isa = XCBuildConfiguration;
			buildSettings = {
				ASSETCATALOG_COMPILER_APPICON_NAME = AppIcon;
				ASSETCATALOG_COMPILER_GLOBAL_ACCENT_COLOR_NAME = AccentColor;
				CODE_SIGN_STYLE = Automatic;
				CURRENT_PROJECT_VERSION = 1;
				DEVELOPMENT_ASSET_PATHS = "\"try/Preview Content\"";
				ENABLE_PREVIEWS = YES;
				GENERATE_INFOPLIST_FILE = YES;
				INFOPLIST_KEY_UIApplicationSceneManifest_Generation = YES;
				INFOPLIST_KEY_UIApplicationSupportsIndirectInputEvents = YES;
				INFOPLIST_KEY_UILaunchScreen_Generation = YES;
				INFOPLIST_KEY_UISupportedInterfaceOrientations_iPad = "UIInterfaceOrientationPortrait UIInterfaceOrientationPortraitUpsideDown UIInterfaceOrientationLandscapeLeft UIInterfaceOrientationLandscapeRight";
				INFOPLIST_KEY_UISupportedInterfaceOrientations_iPhone = "UIInterfaceOrientationPortrait UIInterfaceOrientationLandscapeLeft UIInterfaceOrientationLandscapeRight";
				LD_RUNPATH_SEARCH_PATHS = (
					"$(inherited)",
					"@executable_path/Frameworks",
				);
				MARKETING_VERSION = 1.0;
				PRODUCT_BUNDLE_IDENTIFIER = appleaca.try;
				PRODUCT_NAME = "$(TARGET_NAME)";
				SWIFT_EMIT_LOC_STRINGS = YES;
				SWIFT_VERSION = 5.0;
				TARGETED_DEVICE_FAMILY = "1,2";
			};
			name = Release;
		};
		56C0C9742972FAE200293E08 /* Debug */ = {
			isa = XCBuildConfiguration;
			buildSettings = {
				ALWAYS_EMBED_SWIFT_STANDARD_LIBRARIES = YES;
				BUNDLE_LOADER = "$(TEST_HOST)";
				CODE_SIGN_STYLE = Automatic;
				CURRENT_PROJECT_VERSION = 1;
				GENERATE_INFOPLIST_FILE = YES;
				IPHONEOS_DEPLOYMENT_TARGET = 16.2;
				MARKETING_VERSION = 1.0;
				PRODUCT_BUNDLE_IDENTIFIER = appleaca.tryTests;
				PRODUCT_NAME = "$(TARGET_NAME)";
				SWIFT_EMIT_LOC_STRINGS = NO;
				SWIFT_VERSION = 5.0;
				TARGETED_DEVICE_FAMILY = "1,2";
				TEST_HOST = "$(BUILT_PRODUCTS_DIR)/try.app/$(BUNDLE_EXECUTABLE_FOLDER_PATH)/try";
			};
			name = Debug;
		};
		56C0C9752972FAE200293E08 /* Release */ = {
			isa = XCBuildConfiguration;
			buildSettings = {
				ALWAYS_EMBED_SWIFT_STANDARD_LIBRARIES = YES;
				BUNDLE_LOADER = "$(TEST_HOST)";
				CODE_SIGN_STYLE = Automatic;
				CURRENT_PROJECT_VERSION = 1;
				GENERATE_INFOPLIST_FILE = YES;
				IPHONEOS_DEPLOYMENT_TARGET = 16.2;
				MARKETING_VERSION = 1.0;
				PRODUCT_BUNDLE_IDENTIFIER = appleaca.tryTests;
				PRODUCT_NAME = "$(TARGET_NAME)";
				SWIFT_EMIT_LOC_STRINGS = NO;
				SWIFT_VERSION = 5.0;
				TARGETED_DEVICE_FAMILY = "1,2";
				TEST_HOST = "$(BUILT_PRODUCTS_DIR)/try.app/$(BUNDLE_EXECUTABLE_FOLDER_PATH)/try";
			};
			name = Release;
		};
		56C0C9772972FAE200293E08 /* Debug */ = {
			isa = XCBuildConfiguration;
			buildSettings = {
				ALWAYS_EMBED_SWIFT_STANDARD_LIBRARIES = YES;
				CODE_SIGN_STYLE = Automatic;
				CURRENT_PROJECT_VERSION = 1;
				GENERATE_INFOPLIST_FILE = YES;
				MARKETING_VERSION = 1.0;
				PRODUCT_BUNDLE_IDENTIFIER = appleaca.tryUITests;
				PRODUCT_NAME = "$(TARGET_NAME)";
				SWIFT_EMIT_LOC_STRINGS = NO;
				SWIFT_VERSION = 5.0;
				TARGETED_DEVICE_FAMILY = "1,2";
				TEST_TARGET_NAME = try;
			};
			name = Debug;
		};
		56C0C9782972FAE200293E08 /* Release */ = {
			isa = XCBuildConfiguration;
			buildSettings = {
				ALWAYS_EMBED_SWIFT_STANDARD_LIBRARIES = YES;
				CODE_SIGN_STYLE = Automatic;
				CURRENT_PROJECT_VERSION = 1;
				GENERATE_INFOPLIST_FILE = YES;
				MARKETING_VERSION = 1.0;
				PRODUCT_BUNDLE_IDENTIFIER = appleaca.tryUITests;
				PRODUCT_NAME = "$(TARGET_NAME)";
				SWIFT_EMIT_LOC_STRINGS = NO;
				SWIFT_VERSION = 5.0;
				TARGETED_DEVICE_FAMILY = "1,2";
				TEST_TARGET_NAME = try;
			};
			name = Release;
		};
/* End XCBuildConfiguration section */

/* Begin XCConfigurationList section */
		56C0C9472972FAE000293E08 /* Build configuration list for PBXProject "try" */ = {
			isa = XCConfigurationList;
			buildConfigurations = (
				56C0C96E2972FAE200293E08 /* Debug */,
				56C0C96F2972FAE200293E08 /* Release */,
			);
			defaultConfigurationIsVisible = 0;
			defaultConfigurationName = Release;
		};
		56C0C9702972FAE200293E08 /* Build configuration list for PBXNativeTarget "try" */ = {
			isa = XCConfigurationList;
			buildConfigurations = (
				56C0C9712972FAE200293E08 /* Debug */,
				56C0C9722972FAE200293E08 /* Release */,
			);
			defaultConfigurationIsVisible = 0;
			defaultConfigurationName = Release;
		};
		56C0C9732972FAE200293E08 /* Build configuration list for PBXNativeTarget "tryTests" */ = {
			isa = XCConfigurationList;
			buildConfigurations = (
				56C0C9742972FAE200293E08 /* Debug */,
				56C0C9752972FAE200293E08 /* Release */,
			);
			defaultConfigurationIsVisible = 0;
			defaultConfigurationName = Release;
		};
		56C0C9762972FAE200293E08 /* Build configuration list for PBXNativeTarget "tryUITests" */ = {
			isa = XCConfigurationList;
			buildConfigurations = (
				56C0C9772972FAE200293E08 /* Debug */,
				56C0C9782972FAE200293E08 /* Release */,
			);
			defaultConfigurationIsVisible = 0;
			defaultConfigurationName = Release;
		};
/* End XCConfigurationList section */
	};
	rootObject = 56C0C9442972FAE000293E08 /* Project object */;
}
